// !$*UTF8*$!
{
	archiveVersion = 1;
	classes = {
	};
	objectVersion = 50;
	objects = {

/* Begin PBXBuildFile section */
		5A4DEE5120F722C9007878EA /* AppDelegate.m in Sources */ = {isa = PBXBuildFile; fileRef = 5A4DEE5020F722C9007878EA /* AppDelegate.m */; };
		5A4DEE5420F722C9007878EA /* ViewController.m in Sources */ = {isa = PBXBuildFile; fileRef = 5A4DEE5320F722C9007878EA /* ViewController.m */; };
		5A4DEE5720F722C9007878EA /* Main.storyboard in Resources */ = {isa = PBXBuildFile; fileRef = 5A4DEE5520F722C9007878EA /* Main.storyboard */; };
		5A4DEE5920F722CB007878EA /* Assets.xcassets in Resources */ = {isa = PBXBuildFile; fileRef = 5A4DEE5820F722CB007878EA /* Assets.xcassets */; };
		5A4DEE5C20F722CB007878EA /* LaunchScreen.storyboard in Resources */ = {isa = PBXBuildFile; fileRef = 5A4DEE5A20F722CB007878EA /* LaunchScreen.storyboard */; };
		5A4DEE5F20F722CB007878EA /* main.m in Sources */ = {isa = PBXBuildFile; fileRef = 5A4DEE5E20F722CB007878EA /* main.m */; };
		5A4DEE6920F722CB007878EA /* TestSignalOfStreamMethodTests.m in Sources */ = {isa = PBXBuildFile; fileRef = 5A4DEE6820F722CB007878EA /* TestSignalOfStreamMethodTests.m */; };
		5A4DEE7420F722CB007878EA /* TestSignalOfStreamMethodUITests.m in Sources */ = {isa = PBXBuildFile; fileRef = 5A4DEE7320F722CB007878EA /* TestSignalOfStreamMethodUITests.m */; };
		5ECE8622591988B4EC4CF4EE /* libPods-TestSignalOfStreamMethodTests.a in Frameworks */ = {isa = PBXBuildFile; fileRef = B28B895130155F9E1B66CF18 /* libPods-TestSignalOfStreamMethodTests.a */; };
/* End PBXBuildFile section */

/* Begin PBXContainerItemProxy section */
		5A4DEE6520F722CB007878EA /* PBXContainerItemProxy */ = {
			isa = PBXContainerItemProxy;
			containerPortal = 5A4DEE4420F722C9007878EA /* Project object */;
			proxyType = 1;
			remoteGlobalIDString = 5A4DEE4B20F722C9007878EA;
			remoteInfo = TestSignalOfStreamMethod;
		};
		5A4DEE7020F722CB007878EA /* PBXContainerItemProxy */ = {
			isa = PBXContainerItemProxy;
			containerPortal = 5A4DEE4420F722C9007878EA /* Project object */;
			proxyType = 1;
			remoteGlobalIDString = 5A4DEE4B20F722C9007878EA;
			remoteInfo = TestSignalOfStreamMethod;
		};
/* End PBXContainerItemProxy section */

/* Begin PBXFileReference section */
		0804C08084FCA8A0B5CB9223 /* Pods-TestSignalOfStreamMethodTests.debug.xcconfig */ = {isa = PBXFileReference; includeInIndex = 1; lastKnownFileType = text.xcconfig; name = "Pods-TestSignalOfStreamMethodTests.debug.xcconfig"; path = "Pods/Target Support Files/Pods-TestSignalOfStreamMethodTests/Pods-TestSignalOfStreamMethodTests.debug.xcconfig"; sourceTree = "<group>"; };
		2820EFBC618D5D68FD937BF1 /* Pods-TestSignalOfStreamMethodTests.release.xcconfig */ = {isa = PBXFileReference; includeInIndex = 1; lastKnownFileType = text.xcconfig; name = "Pods-TestSignalOfStreamMethodTests.release.xcconfig"; path = "Pods/Target Support Files/Pods-TestSignalOfStreamMethodTests/Pods-TestSignalOfStreamMethodTests.release.xcconfig"; sourceTree = "<group>"; };
		5A4DEE4C20F722C9007878EA /* TestSignalOfStreamMethod.app */ = {isa = PBXFileReference; explicitFileType = wrapper.application; includeInIndex = 0; path = TestSignalOfStreamMethod.app; sourceTree = BUILT_PRODUCTS_DIR; };
		5A4DEE4F20F722C9007878EA /* AppDelegate.h */ = {isa = PBXFileReference; lastKnownFileType = sourcecode.c.h; path = AppDelegate.h; sourceTree = "<group>"; };
		5A4DEE5020F722C9007878EA /* AppDelegate.m */ = {isa = PBXFileReference; lastKnownFileType = sourcecode.c.objc; path = AppDelegate.m; sourceTree = "<group>"; };
		5A4DEE5220F722C9007878EA /* ViewController.h */ = {isa = PBXFileReference; lastKnownFileType = sourcecode.c.h; path = ViewController.h; sourceTree = "<group>"; };
		5A4DEE5320F722C9007878EA /* ViewController.m */ = {isa = PBXFileReference; lastKnownFileType = sourcecode.c.objc; path = ViewController.m; sourceTree = "<group>"; };
		5A4DEE5620F722C9007878EA /* Base */ = {isa = PBXFileReference; lastKnownFileType = file.storyboard; name = Base; path = Base.lproj/Main.storyboard; sourceTree = "<group>"; };
		5A4DEE5820F722CB007878EA /* Assets.xcassets */ = {isa = PBXFileReference; lastKnownFileType = folder.assetcatalog; path = Assets.xcassets; sourceTree = "<group>"; };
		5A4DEE5B20F722CB007878EA /* Base */ = {isa = PBXFileReference; lastKnownFileType = file.storyboard; name = Base; path = Base.lproj/LaunchScreen.storyboard; sourceTree = "<group>"; };
		5A4DEE5D20F722CB007878EA /* Info.plist */ = {isa = PBXFileReference; lastKnownFileType = text.plist.xml; path = Info.plist; sourceTree = "<group>"; };
		5A4DEE5E20F722CB007878EA /* main.m */ = {isa = PBXFileReference; lastKnownFileType = sourcecode.c.objc; path = main.m; sourceTree = "<group>"; };
		5A4DEE6420F722CB007878EA /* TestSignalOfStreamMethodTests.xctest */ = {isa = PBXFileReference; explicitFileType = wrapper.cfbundle; includeInIndex = 0; path = TestSignalOfStreamMethodTests.xctest; sourceTree = BUILT_PRODUCTS_DIR; };
		5A4DEE6820F722CB007878EA /* TestSignalOfStreamMethodTests.m */ = {isa = PBXFileReference; lastKnownFileType = sourcecode.c.objc; path = TestSignalOfStreamMethodTests.m; sourceTree = "<group>"; };
		5A4DEE6A20F722CB007878EA /* Info.plist */ = {isa = PBXFileReference; lastKnownFileType = text.plist.xml; path = Info.plist; sourceTree = "<group>"; };
		5A4DEE6F20F722CB007878EA /* TestSignalOfStreamMethodUITests.xctest */ = {isa = PBXFileReference; explicitFileType = wrapper.cfbundle; includeInIndex = 0; path = TestSignalOfStreamMethodUITests.xctest; sourceTree = BUILT_PRODUCTS_DIR; };
		5A4DEE7320F722CB007878EA /* TestSignalOfStreamMethodUITests.m */ = {isa = PBXFileReference; lastKnownFileType = sourcecode.c.objc; path = TestSignalOfStreamMethodUITests.m; sourceTree = "<group>"; };
		5A4DEE7520F722CB007878EA /* Info.plist */ = {isa = PBXFileReference; lastKnownFileType = text.plist.xml; path = Info.plist; sourceTree = "<group>"; };
		B28B895130155F9E1B66CF18 /* libPods-TestSignalOfStreamMethodTests.a */ = {isa = PBXFileReference; explicitFileType = archive.ar; includeInIndex = 0; path = "libPods-TestSignalOfStreamMethodTests.a"; sourceTree = BUILT_PRODUCTS_DIR; };
/* End PBXFileReference section */

/* Begin PBXFrameworksBuildPhase section */
		5A4DEE4920F722C9007878EA /* Frameworks */ = {
			isa = PBXFrameworksBuildPhase;
			buildActionMask = 2147483647;
			files = (
			);
			runOnlyForDeploymentPostprocessing = 0;
		};
		5A4DEE6120F722CB007878EA /* Frameworks */ = {
			isa = PBXFrameworksBuildPhase;
			buildActionMask = 2147483647;
			files = (
				5ECE8622591988B4EC4CF4EE /* libPods-TestSignalOfStreamMethodTests.a in Frameworks */,
			);
			runOnlyForDeploymentPostprocessing = 0;
		};
		5A4DEE6C20F722CB007878EA /* Frameworks */ = {
			isa = PBXFrameworksBuildPhase;
			buildActionMask = 2147483647;
			files = (
			);
			runOnlyForDeploymentPostprocessing = 0;
		};
/* End PBXFrameworksBuildPhase section */

/* Begin PBXGroup section */
		30B2FDB0CCE9B90367DC0C45 /* Pods */ = {
			isa = PBXGroup;
			children = (
				0804C08084FCA8A0B5CB9223 /* Pods-TestSignalOfStreamMethodTests.debug.xcconfig */,
				2820EFBC618D5D68FD937BF1 /* Pods-TestSignalOfStreamMethodTests.release.xcconfig */,
			);
			name = Pods;
			sourceTree = "<group>";
		};
		531AA515A16B45E3ABEF83A7 /* Frameworks */ = {
			isa = PBXGroup;
			children = (
				B28B895130155F9E1B66CF18 /* libPods-TestSignalOfStreamMethodTests.a */,
			);
			name = Frameworks;
			sourceTree = "<group>";
		};
		5A4DEE4320F722C9007878EA = {
			isa = PBXGroup;
			children = (
				5A4DEE4E20F722C9007878EA /* TestSignalOfStreamMethod */,
				5A4DEE6720F722CB007878EA /* TestSignalOfStreamMethodTests */,
				5A4DEE7220F722CB007878EA /* TestSignalOfStreamMethodUITests */,
				5A4DEE4D20F722C9007878EA /* Products */,
				30B2FDB0CCE9B90367DC0C45 /* Pods */,
				531AA515A16B45E3ABEF83A7 /* Frameworks */,
			);
			sourceTree = "<group>";
		};
		5A4DEE4D20F722C9007878EA /* Products */ = {
			isa = PBXGroup;
			children = (
				5A4DEE4C20F722C9007878EA /* TestSignalOfStreamMethod.app */,
				5A4DEE6420F722CB007878EA /* TestSignalOfStreamMethodTests.xctest */,
				5A4DEE6F20F722CB007878EA /* TestSignalOfStreamMethodUITests.xctest */,
			);
			name = Products;
			sourceTree = "<group>";
		};
		5A4DEE4E20F722C9007878EA /* TestSignalOfStreamMethod */ = {
			isa = PBXGroup;
			children = (
				5A4DEE4F20F722C9007878EA /* AppDelegate.h */,
				5A4DEE5020F722C9007878EA /* AppDelegate.m */,
				5A4DEE5220F722C9007878EA /* ViewController.h */,
				5A4DEE5320F722C9007878EA /* ViewController.m */,
				5A4DEE5520F722C9007878EA /* Main.storyboard */,
				5A4DEE5820F722CB007878EA /* Assets.xcassets */,
				5A4DEE5A20F722CB007878EA /* LaunchScreen.storyboard */,
				5A4DEE5D20F722CB007878EA /* Info.plist */,
				5A4DEE5E20F722CB007878EA /* main.m */,
			);
			path = TestSignalOfStreamMethod;
			sourceTree = "<group>";
		};
		5A4DEE6720F722CB007878EA /* TestSignalOfStreamMethodTests */ = {
			isa = PBXGroup;
			children = (
				5A4DEE6820F722CB007878EA /* TestSignalOfStreamMethodTests.m */,
				5A4DEE6A20F722CB007878EA /* Info.plist */,
			);
			path = TestSignalOfStreamMethodTests;
			sourceTree = "<group>";
		};
		5A4DEE7220F722CB007878EA /* TestSignalOfStreamMethodUITests */ = {
			isa = PBXGroup;
			children = (
				5A4DEE7320F722CB007878EA /* TestSignalOfStreamMethodUITests.m */,
				5A4DEE7520F722CB007878EA /* Info.plist */,
			);
			path = TestSignalOfStreamMethodUITests;
			sourceTree = "<group>";
		};
/* End PBXGroup section */

/* Begin PBXNativeTarget section */
		5A4DEE4B20F722C9007878EA /* TestSignalOfStreamMethod */ = {
			isa = PBXNativeTarget;
			buildConfigurationList = 5A4DEE7820F722CB007878EA /* Build configuration list for PBXNativeTarget "TestSignalOfStreamMethod" */;
			buildPhases = (
				5A4DEE4820F722C9007878EA /* Sources */,
				5A4DEE4920F722C9007878EA /* Frameworks */,
				5A4DEE4A20F722C9007878EA /* Resources */,
			);
			buildRules = (
			);
			dependencies = (
			);
			name = TestSignalOfStreamMethod;
			productName = TestSignalOfStreamMethod;
			productReference = 5A4DEE4C20F722C9007878EA /* TestSignalOfStreamMethod.app */;
			productType = "com.apple.product-type.application";
		};
		5A4DEE6320F722CB007878EA /* TestSignalOfStreamMethodTests */ = {
			isa = PBXNativeTarget;
			buildConfigurationList = 5A4DEE7B20F722CB007878EA /* Build configuration list for PBXNativeTarget "TestSignalOfStreamMethodTests" */;
			buildPhases = (
				A3144389F988A252D73FC868 /* [CP] Check Pods Manifest.lock */,
				5A4DEE6020F722CB007878EA /* Sources */,
				5A4DEE6120F722CB007878EA /* Frameworks */,
				5A4DEE6220F722CB007878EA /* Resources */,
			);
			buildRules = (
			);
			dependencies = (
				5A4DEE6620F722CB007878EA /* PBXTargetDependency */,
			);
			name = TestSignalOfStreamMethodTests;
			productName = TestSignalOfStreamMethodTests;
			productReference = 5A4DEE6420F722CB007878EA /* TestSignalOfStreamMethodTests.xctest */;
			productType = "com.apple.product-type.bundle.unit-test";
		};
		5A4DEE6E20F722CB007878EA /* TestSignalOfStreamMethodUITests */ = {
			isa = PBXNativeTarget;
			buildConfigurationList = 5A4DEE7E20F722CB007878EA /* Build configuration list for PBXNativeTarget "TestSignalOfStreamMethodUITests" */;
			buildPhases = (
				5A4DEE6B20F722CB007878EA /* Sources */,
				5A4DEE6C20F722CB007878EA /* Frameworks */,
				5A4DEE6D20F722CB007878EA /* Resources */,
			);
			buildRules = (
			);
			dependencies = (
				5A4DEE7120F722CB007878EA /* PBXTargetDependency */,
			);
			name = TestSignalOfStreamMethodUITests;
			productName = TestSignalOfStreamMethodUITests;
			productReference = 5A4DEE6F20F722CB007878EA /* TestSignalOfStreamMethodUITests.xctest */;
			productType = "com.apple.product-type.bundle.ui-testing";
		};
/* End PBXNativeTarget section */

/* Begin PBXProject section */
		5A4DEE4420F722C9007878EA /* Project object */ = {
			isa = PBXProject;
			attributes = {
				LastUpgradeCheck = 0930;
				ORGANIZATIONNAME = ys;
				TargetAttributes = {
					5A4DEE4B20F722C9007878EA = {
						CreatedOnToolsVersion = 9.3.1;
					};
					5A4DEE6320F722CB007878EA = {
						CreatedOnToolsVersion = 9.3.1;
						TestTargetID = 5A4DEE4B20F722C9007878EA;
					};
					5A4DEE6E20F722CB007878EA = {
						CreatedOnToolsVersion = 9.3.1;
						TestTargetID = 5A4DEE4B20F722C9007878EA;
					};
				};
			};
			buildConfigurationList = 5A4DEE4720F722C9007878EA /* Build configuration list for PBXProject "TestSignalOfStreamMethod" */;
			compatibilityVersion = "Xcode 9.3";
			developmentRegion = en;
			hasScannedForEncodings = 0;
			knownRegions = (
				en,
				Base,
			);
			mainGroup = 5A4DEE4320F722C9007878EA;
			productRefGroup = 5A4DEE4D20F722C9007878EA /* Products */;
			projectDirPath = "";
			projectRoot = "";
			targets = (
				5A4DEE4B20F722C9007878EA /* TestSignalOfStreamMethod */,
				5A4DEE6320F722CB007878EA /* TestSignalOfStreamMethodTests */,
				5A4DEE6E20F722CB007878EA /* TestSignalOfStreamMethodUITests */,
			);
		};
/* End PBXProject section */

/* Begin PBXResourcesBuildPhase section */
		5A4DEE4A20F722C9007878EA /* Resources */ = {
			isa = PBXResourcesBuildPhase;
			buildActionMask = 2147483647;
			files = (
				5A4DEE5C20F722CB007878EA /* LaunchScreen.storyboard in Resources */,
				5A4DEE5920F722CB007878EA /* Assets.xcassets in Resources */,
				5A4DEE5720F722C9007878EA /* Main.storyboard in Resources */,
			);
			runOnlyForDeploymentPostprocessing = 0;
		};
		5A4DEE6220F722CB007878EA /* Resources */ = {
			isa = PBXResourcesBuildPhase;
			buildActionMask = 2147483647;
			files = (
			);
			runOnlyForDeploymentPostprocessing = 0;
		};
		5A4DEE6D20F722CB007878EA /* Resources */ = {
			isa = PBXResourcesBuildPhase;
			buildActionMask = 2147483647;
			files = (
			);
			runOnlyForDeploymentPostprocessing = 0;
		};
/* End PBXResourcesBuildPhase section */

/* Begin PBXShellScriptBuildPhase section */
		A3144389F988A252D73FC868 /* [CP] Check Pods Manifest.lock */ = {
			isa = PBXShellScriptBuildPhase;
			buildActionMask = 2147483647;
			files = (
			);
			inputPaths = (
				"${PODS_PODFILE_DIR_PATH}/Podfile.lock",
				"${PODS_ROOT}/Manifest.lock",
			);
			name = "[CP] Check Pods Manifest.lock";
			outputPaths = (
				"$(DERIVED_FILE_DIR)/Pods-TestSignalOfStreamMethodTests-checkManifestLockResult.txt",
			);
			runOnlyForDeploymentPostprocessing = 0;
			shellPath = /bin/sh;
			shellScript = "diff \"${PODS_PODFILE_DIR_PATH}/Podfile.lock\" \"${PODS_ROOT}/Manifest.lock\" > /dev/null\nif [ $? != 0 ] ; then\n    # print error to STDERR\n    echo \"error: The sandbox is not in sync with the Podfile.lock. Run 'pod install' or update your CocoaPods installation.\" >&2\n    exit 1\nfi\n# This output is used by Xcode 'outputs' to avoid re-running this script phase.\necho \"SUCCESS\" > \"${SCRIPT_OUTPUT_FILE_0}\"\n";
			showEnvVarsInLog = 0;
		};
/* End PBXShellScriptBuildPhase section */

/* Begin PBXSourcesBuildPhase section */
		5A4DEE4820F722C9007878EA /* Sources */ = {
			isa = PBXSourcesBuildPhase;
			buildActionMask = 2147483647;
			files = (
				5A4DEE5420F722C9007878EA /* ViewController.m in Sources */,
				5A4DEE5F20F722CB007878EA /* main.m in Sources */,
				5A4DEE5120F722C9007878EA /* AppDelegate.m in Sources */,
			);
			runOnlyForDeploymentPostprocessing = 0;
		};
		5A4DEE6020F722CB007878EA /* Sources */ = {
			isa = PBXSourcesBuildPhase;
			buildActionMask = 2147483647;
			files = (
				5A4DEE6920F722CB007878EA /* TestSignalOfStreamMethodTests.m in Sources */,
			);
			runOnlyForDeploymentPostprocessing = 0;
		};
		5A4DEE6B20F722CB007878EA /* Sources */ = {
			isa = PBXSourcesBuildPhase;
			buildActionMask = 2147483647;
			files = (
				5A4DEE7420F722CB007878EA /* TestSignalOfStreamMethodUITests.m in Sources */,
			);
			runOnlyForDeploymentPostprocessing = 0;
		};
/* End PBXSourcesBuildPhase section */

/* Begin PBXTargetDependency section */
		5A4DEE6620F722CB007878EA /* PBXTargetDependency */ = {
			isa = PBXTargetDependency;
			target = 5A4DEE4B20F722C9007878EA /* TestSignalOfStreamMethod */;
			targetProxy = 5A4DEE6520F722CB007878EA /* PBXContainerItemProxy */;
		};
		5A4DEE7120F722CB007878EA /* PBXTargetDependency */ = {
			isa = PBXTargetDependency;
			target = 5A4DEE4B20F722C9007878EA /* TestSignalOfStreamMethod */;
			targetProxy = 5A4DEE7020F722CB007878EA /* PBXContainerItemProxy */;
		};
/* End PBXTargetDependency section */

/* Begin PBXVariantGroup section */
		5A4DEE5520F722C9007878EA /* Main.storyboard */ = {
			isa = PBXVariantGroup;
			children = (
				5A4DEE5620F722C9007878EA /* Base */,
			);
			name = Main.storyboard;
			sourceTree = "<group>";
		};
		5A4DEE5A20F722CB007878EA /* LaunchScreen.storyboard */ = {
			isa = PBXVariantGroup;
			children = (
				5A4DEE5B20F722CB007878EA /* Base */,
			);
			name = LaunchScreen.storyboard;
			sourceTree = "<group>";
		};
/* End PBXVariantGroup section */

/* Begin XCBuildConfiguration section */
		5A4DEE7620F722CB007878EA /* Debug */ = {
			isa = XCBuildConfiguration;
			buildSettings = {
				ALWAYS_SEARCH_USER_PATHS = NO;
				CLANG_ANALYZER_NONNULL = YES;
				CLANG_ANALYZER_NUMBER_OBJECT_CONVERSION = YES_AGGRESSIVE;
				CLANG_CXX_LANGUAGE_STANDARD = "gnu++14";
				CLANG_CXX_LIBRARY = "libc++";
				CLANG_ENABLE_MODULES = YES;
				CLANG_ENABLE_OBJC_ARC = YES;
				CLANG_ENABLE_OBJC_WEAK = YES;
				CLANG_WARN_BLOCK_CAPTURE_AUTORELEASING = YES;
				CLANG_WARN_BOOL_CONVERSION = YES;
				CLANG_WARN_COMMA = YES;
				CLANG_WARN_CONSTANT_CONVERSION = YES;
				CLANG_WARN_DEPRECATED_OBJC_IMPLEMENTATIONS = YES;
				CLANG_WARN_DIRECT_OBJC_ISA_USAGE = YES_ERROR;
				CLANG_WARN_DOCUMENTATION_COMMENTS = YES;
				CLANG_WARN_EMPTY_BODY = YES;
				CLANG_WARN_ENUM_CONVERSION = YES;
				CLANG_WARN_INFINITE_RECURSION = YES;
				CLANG_WARN_INT_CONVERSION = YES;
				CLANG_WARN_NON_LITERAL_NULL_CONVERSION = YES;
				CLANG_WARN_OBJC_IMPLICIT_RETAIN_SELF = YES;
				CLANG_WARN_OBJC_LITERAL_CONVERSION = YES;
				CLANG_WARN_OBJC_ROOT_CLASS = YES_ERROR;
				CLANG_WARN_RANGE_LOOP_ANALYSIS = YES;
				CLANG_WARN_STRICT_PROTOTYPES = YES;
				CLANG_WARN_SUSPICIOUS_MOVE = YES;
				CLANG_WARN_UNGUARDED_AVAILABILITY = YES_AGGRESSIVE;
				CLANG_WARN_UNREACHABLE_CODE = YES;
				CLANG_WARN__DUPLICATE_METHOD_MATCH = YES;
				CODE_SIGN_IDENTITY = "iPhone Developer";
				COPY_PHASE_STRIP = NO;
				DEBUG_INFORMATION_FORMAT = dwarf;
				ENABLE_STRICT_OBJC_MSGSEND = YES;
				ENABLE_TESTABILITY = YES;
				GCC_C_LANGUAGE_STANDARD = gnu11;
				GCC_DYNAMIC_NO_PIC = NO;
				GCC_NO_COMMON_BLOCKS = YES;
				GCC_OPTIMIZATION_LEVEL = 0;
				GCC_PREPROCESSOR_DEFINITIONS = (
					"DEBUG=1",
					"$(inherited)",
				);
				GCC_WARN_64_TO_32_BIT_CONVERSION = YES;
				GCC_WARN_ABOUT_RETURN_TYPE = YES_ERROR;
				GCC_WARN_UNDECLARED_SELECTOR = YES;
				GCC_WARN_UNINITIALIZED_AUTOS = YES_AGGRESSIVE;
				GCC_WARN_UNUSED_FUNCTION = YES;
				GCC_WARN_UNUSED_VARIABLE = YES;
				IPHONEOS_DEPLOYMENT_TARGET = 11.3;
				MTL_ENABLE_DEBUG_INFO = YES;
				ONLY_ACTIVE_ARCH = YES;
				SDKROOT = iphoneos;
			};
			name = Debug;
		};
		5A4DEE7720F722CB007878EA /* Release */ = {
			isa = XCBuildConfiguration;
			buildSettings = {
				ALWAYS_SEARCH_USER_PATHS = NO;
				CLANG_ANALYZER_NONNULL = YES;
				CLANG_ANALYZER_NUMBER_OBJECT_CONVERSION = YES_AGGRESSIVE;
				CLANG_CXX_LANGUAGE_STANDARD = "gnu++14";
				CLANG_CXX_LIBRARY = "libc++";
				CLANG_ENABLE_MODULES = YES;
				CLANG_ENABLE_OBJC_ARC = YES;
				CLANG_ENABLE_OBJC_WEAK = YES;
				CLANG_WARN_BLOCK_CAPTURE_AUTORELEASING = YES;
				CLANG_WARN_BOOL_CONVERSION = YES;
				CLANG_WARN_COMMA = YES;
				CLANG_WARN_CONSTANT_CONVERSION = YES;
				CLANG_WARN_DEPRECATED_OBJC_IMPLEMENTATIONS = YES;
				CLANG_WARN_DIRECT_OBJC_ISA_USAGE = YES_ERROR;
				CLANG_WARN_DOCUMENTATION_COMMENTS = YES;
				CLANG_WARN_EMPTY_BODY = YES;
				CLANG_WARN_ENUM_CONVERSION = YES;
				CLANG_WARN_INFINITE_RECURSION = YES;
				CLANG_WARN_INT_CONVERSION = YES;
				CLANG_WARN_NON_LITERAL_NULL_CONVERSION = YES;
				CLANG_WARN_OBJC_IMPLICIT_RETAIN_SELF = YES;
				CLANG_WARN_OBJC_LITERAL_CONVERSION = YES;
				CLANG_WARN_OBJC_ROOT_CLASS = YES_ERROR;
				CLANG_WARN_RANGE_LOOP_ANALYSIS = YES;
				CLANG_WARN_STRICT_PROTOTYPES = YES;
				CLANG_WARN_SUSPICIOUS_MOVE = YES;
				CLANG_WARN_UNGUARDED_AVAILABILITY = YES_AGGRESSIVE;
				CLANG_WARN_UNREACHABLE_CODE = YES;
				CLANG_WARN__DUPLICATE_METHOD_MATCH = YES;
				CODE_SIGN_IDENTITY = "iPhone Developer";
				COPY_PHASE_STRIP = NO;
				DEBUG_INFORMATION_FORMAT = "dwarf-with-dsym";
				ENABLE_NS_ASSERTIONS = NO;
				ENABLE_STRICT_OBJC_MSGSEND = YES;
				GCC_C_LANGUAGE_STANDARD = gnu11;
				GCC_NO_COMMON_BLOCKS = YES;
				GCC_WARN_64_TO_32_BIT_CONVERSION = YES;
				GCC_WARN_ABOUT_RETURN_TYPE = YES_ERROR;
				GCC_WARN_UNDECLARED_SELECTOR = YES;
				GCC_WARN_UNINITIALIZED_AUTOS = YES_AGGRESSIVE;
				GCC_WARN_UNUSED_FUNCTION = YES;
				GCC_WARN_UNUSED_VARIABLE = YES;
				IPHONEOS_DEPLOYMENT_TARGET = 11.3;
				MTL_ENABLE_DEBUG_INFO = NO;
				SDKROOT = iphoneos;
				VALIDATE_PRODUCT = YES;
			};
			name = Release;
		};
		5A4DEE7920F722CB007878EA /* Debug */ = {
			isa = XCBuildConfiguration;
			buildSettings = {
				ASSETCATALOG_COMPILER_APPICON_NAME = AppIcon;
				CODE_SIGN_STYLE = Automatic;
				INFOPLIST_FILE = TestSignalOfStreamMethod/Info.plist;
				LD_RUNPATH_SEARCH_PATHS = (
					"$(inherited)",
					"@executable_path/Frameworks",
				);
				PRODUCT_BUNDLE_IDENTIFIER = com.duolingo.DuolingoMobile.TestSignalOfStreamMethod;
				PRODUCT_NAME = "$(TARGET_NAME)";
				TARGETED_DEVICE_FAMILY = "1,2";
			};
			name = Debug;
		};
		5A4DEE7A20F722CB007878EA /* Release */ = {
			isa = XCBuildConfiguration;
			buildSettings = {
				ASSETCATALOG_COMPILER_APPICON_NAME = AppIcon;
				CODE_SIGN_STYLE = Automatic;
				INFOPLIST_FILE = TestSignalOfStreamMethod/Info.plist;
				LD_RUNPATH_SEARCH_PATHS = (
					"$(inherited)",
					"@executable_path/Frameworks",
				);
				PRODUCT_BUNDLE_IDENTIFIER = com.duolingo.DuolingoMobile.TestSignalOfStreamMethod;
				PRODUCT_NAME = "$(TARGET_NAME)";
				TARGETED_DEVICE_FAMILY = "1,2";
			};
			name = Release;
		};
		5A4DEE7C20F722CB007878EA /* Debug */ = {
			isa = XCBuildConfiguration;
			baseConfigurationReference = 0804C08084FCA8A0B5CB9223 /* Pods-TestSignalOfStreamMethodTests.debug.xcconfig */;
			buildSettings = {
				BUNDLE_LOADER = "$(TEST_HOST)";
				CODE_SIGN_STYLE = Automatic;
				INFOPLIST_FILE = TestSignalOfStreamMethodTests/Info.plist;
				LD_RUNPATH_SEARCH_PATHS = (
					"$(inherited)",
					"@executable_path/Frameworks",
					"@loader_path/Frameworks",
				);
				PRODUCT_BUNDLE_IDENTIFIER = com.duolingo.DuolingoMobile.TestSignalOfStreamMethodTests;
				PRODUCT_NAME = "$(TARGET_NAME)";
				TARGETED_DEVICE_FAMILY = "1,2";
				TEST_HOST = "$(BUILT_PRODUCTS_DIR)/TestSignalOfStreamMethod.app/TestSignalOfStreamMethod";
			};
			name = Debug;
		};
		5A4DEE7D20F722CB007878EA /* Release */ = {
			isa = XCBuildConfiguration;
			baseConfigurationReference = 2820EFBC618D5D68FD937BF1 /* Pods-TestSignalOfStreamMethodTests.release.xcconfig */;
			buildSettings = {
				BUNDLE_LOADER = "$(TEST_HOST)";
				CODE_SIGN_STYLE = Automatic;
				INFOPLIST_FILE = TestSignalOfStreamMethodTests/Info.plist;
				LD_RUNPATH_SEARCH_PATHS = (
					"$(inherited)",
					"@executable_path/Frameworks",
					"@loader_path/Frameworks",
				);
				PRODUCT_BUNDLE_IDENTIFIER = com.duolingo.DuolingoMobile.TestSignalOfStreamMethodTests;
				PRODUCT_NAME = "$(TARGET_NAME)";
				TARGETED_DEVICE_FAMILY = "1,2";
				TEST_HOST = "$(BUILT_PRODUCTS_DIR)/TestSignalOfStreamMethod.app/TestSignalOfStreamMethod";
			};
			name = Release;
		};
		5A4DEE7F20F722CB007878EA /* Debug */ = {
			isa = XCBuildConfiguration;
			buildSettings = {
				CODE_SIGN_STYLE = Automatic;
				INFOPLIST_FILE = TestSignalOfStreamMethodUITests/Info.plist;
				LD_RUNPATH_SEARCH_PATHS = (
					"$(inherited)",
					"@executable_path/Frameworks",
					"@loader_path/Frameworks",
				);
				PRODUCT_BUNDLE_IDENTIFIER = com.duolingo.DuolingoMobile.TestSignalOfStreamMethodUITests;
				PRODUCT_NAME = "$(TARGET_NAME)";
				TARGETED_DEVICE_FAMILY = "1,2";
				TEST_TARGET_NAME = TestSignalOfStreamMethod;
			};
			name = Debug;
		};
		5A4DEE8020F722CB007878EA /* Release */ = {
			isa = XCBuildConfiguration;
			buildSettings = {
				CODE_SIGN_STYLE = Automatic;
				INFOPLIST_FILE = TestSignalOfStreamMethodUITests/Info.plist;
				LD_RUNPATH_SEARCH_PATHS = (
					"$(inherited)",
					"@executable_path/Frameworks",
					"@loader_path/Frameworks",
				);
				PRODUCT_BUNDLE_IDENTIFIER = com.duolingo.DuolingoMobile.TestSignalOfStreamMethodUITests;
				PRODUCT_NAME = "$(TARGET_NAME)";
				TARGETED_DEVICE_FAMILY = "1,2";
				TEST_TARGET_NAME = TestSignalOfStreamMethod;
			};
			name = Release;
		};
/* End XCBuildConfiguration section */

/* Begin XCConfigurationList section */
		5A4DEE4720F722C9007878EA /* Build configuration list for PBXProject "TestSignalOfStreamMethod" */ = {
			isa = XCConfigurationList;
			buildConfigurations = (
				5A4DEE7620F722CB007878EA /* Debug */,
				5A4DEE7720F722CB007878EA /* Release */,
			);
			defaultConfigurationIsVisible = 0;
			defaultConfigurationName = Release;
		};
		5A4DEE7820F722CB007878EA /* Build configuration list for PBXNativeTarget "TestSignalOfStreamMethod" */ = {
			isa = XCConfigurationList;
			buildConfigurations = (
				5A4DEE7920F722CB007878EA /* Debug */,
				5A4DEE7A20F722CB007878EA /* Release */,
			);
			defaultConfigurationIsVisible = 0;
			defaultConfigurationName = Release;
		};
		5A4DEE7B20F722CB007878EA /* Build configuration list for PBXNativeTarget "TestSignalOfStreamMethodTests" */ = {
			isa = XCConfigurationList;
			buildConfigurations = (
				5A4DEE7C20F722CB007878EA /* Debug */,
				5A4DEE7D20F722CB007878EA /* Release */,
			);
			defaultConfigurationIsVisible = 0;
			defaultConfigurationName = Release;
		};
		5A4DEE7E20F722CB007878EA /* Build configuration list for PBXNativeTarget "TestSignalOfStreamMethodUITests" */ = {
			isa = XCConfigurationList;
			buildConfigurations = (
				5A4DEE7F20F722CB007878EA /* Debug */,
				5A4DEE8020F722CB007878EA /* Release */,
			);
			defaultConfigurationIsVisible = 0;
			defaultConfigurationName = Release;
		};
/* End XCConfigurationList section */
	};
	rootObject = 5A4DEE4420F722C9007878EA /* Project object */;
}
